// !$*UTF8*$!
{
	archiveVersion = 1;
	classes = {
	};
	objectVersion = 51;
	objects = {

/* Begin PBXBuildFile section */
		741354C2F5CE4141DB882D97 /* Pods_JW_Player_Sample.framework in Frameworks */ = {isa = PBXBuildFile; fileRef = FF63437DF5B278EB05B485F0 /* Pods_JW_Player_Sample.framework */; };
		A64797A22407D2C7007AC0F0 /* AppDelegate.swift in Sources */ = {isa = PBXBuildFile; fileRef = A64797A12407D2C7007AC0F0 /* AppDelegate.swift */; };
		A64797A62407D2C7007AC0F0 /* ViewController.swift in Sources */ = {isa = PBXBuildFile; fileRef = A64797A52407D2C7007AC0F0 /* ViewController.swift */; };
		A64797A92407D2C7007AC0F0 /* Main.storyboard in Resources */ = {isa = PBXBuildFile; fileRef = A64797A72407D2C7007AC0F0 /* Main.storyboard */; };
		A64797AB2407D2C8007AC0F0 /* Assets.xcassets in Resources */ = {isa = PBXBuildFile; fileRef = A64797AA2407D2C8007AC0F0 /* Assets.xcassets */; };
		A64797AE2407D2C8007AC0F0 /* LaunchScreen.storyboard in Resources */ = {isa = PBXBuildFile; fileRef = A64797AC2407D2C8007AC0F0 /* LaunchScreen.storyboard */; };
		A64797B42407D8B6007AC0F0 /* Playable.swift in Sources */ = {isa = PBXBuildFile; fileRef = A64797B32407D8B6007AC0F0 /* Playable.swift */; };
/* End PBXBuildFile section */

/* Begin PBXFileReference section */
		3B9B89C3EC63C2F2DB5AA86D /* Pods_JWPlayerPlugin.framework */ = {isa = PBXFileReference; explicitFileType = wrapper.framework; includeInIndex = 0; path = Pods_JWPlayerPlugin.framework; sourceTree = BUILT_PRODUCTS_DIR; };
		5785435F5CB02A255A0ED76F /* Pods-JWPlayerPlugin.release.xcconfig */ = {isa = PBXFileReference; includeInIndex = 1; lastKnownFileType = text.xcconfig; name = "Pods-JWPlayerPlugin.release.xcconfig"; path = "Pods/Target Support Files/Pods-JWPlayerPlugin/Pods-JWPlayerPlugin.release.xcconfig"; sourceTree = "<group>"; };
		5E19042E0108188386A997CB /* Pods-JWPlayerPlugin.debug.xcconfig */ = {isa = PBXFileReference; includeInIndex = 1; lastKnownFileType = text.xcconfig; name = "Pods-JWPlayerPlugin.debug.xcconfig"; path = "Pods/Target Support Files/Pods-JWPlayerPlugin/Pods-JWPlayerPlugin.debug.xcconfig"; sourceTree = "<group>"; };
		A647979F2407D2C7007AC0F0 /* JW-Player-Sample.app */ = {isa = PBXFileReference; explicitFileType = wrapper.application; includeInIndex = 0; path = "JW-Player-Sample.app"; sourceTree = BUILT_PRODUCTS_DIR; };
		A64797A12407D2C7007AC0F0 /* AppDelegate.swift */ = {isa = PBXFileReference; lastKnownFileType = sourcecode.swift; path = AppDelegate.swift; sourceTree = "<group>"; };
		A64797A52407D2C7007AC0F0 /* ViewController.swift */ = {isa = PBXFileReference; lastKnownFileType = sourcecode.swift; path = ViewController.swift; sourceTree = "<group>"; };
		A64797A82407D2C7007AC0F0 /* Base */ = {isa = PBXFileReference; lastKnownFileType = file.storyboard; name = Base; path = Base.lproj/Main.storyboard; sourceTree = "<group>"; };
		A64797AA2407D2C8007AC0F0 /* Assets.xcassets */ = {isa = PBXFileReference; lastKnownFileType = folder.assetcatalog; path = Assets.xcassets; sourceTree = "<group>"; };
		A64797AD2407D2C8007AC0F0 /* Base */ = {isa = PBXFileReference; lastKnownFileType = file.storyboard; name = Base; path = Base.lproj/LaunchScreen.storyboard; sourceTree = "<group>"; };
		A64797AF2407D2C8007AC0F0 /* Info.plist */ = {isa = PBXFileReference; lastKnownFileType = text.plist.xml; path = Info.plist; sourceTree = "<group>"; };
		A64797B32407D8B6007AC0F0 /* Playable.swift */ = {isa = PBXFileReference; fileEncoding = 4; lastKnownFileType = sourcecode.swift; path = Playable.swift; sourceTree = "<group>"; };
		A64797B52407EAAD007AC0F0 /* JW-Player-Sample.entitlements */ = {isa = PBXFileReference; lastKnownFileType = text.plist.entitlements; path = "JW-Player-Sample.entitlements"; sourceTree = "<group>"; };
		A7908C4397286646C714D605 /* Pods-JW-Player-Sample.release.xcconfig */ = {isa = PBXFileReference; includeInIndex = 1; lastKnownFileType = text.xcconfig; name = "Pods-JW-Player-Sample.release.xcconfig"; path = "Pods/Target Support Files/Pods-JW-Player-Sample/Pods-JW-Player-Sample.release.xcconfig"; sourceTree = "<group>"; };
		DE148A9E2BBDDAED29354EB8 /* Pods-JW-Player-Sample.debug.xcconfig */ = {isa = PBXFileReference; includeInIndex = 1; lastKnownFileType = text.xcconfig; name = "Pods-JW-Player-Sample.debug.xcconfig"; path = "Pods/Target Support Files/Pods-JW-Player-Sample/Pods-JW-Player-Sample.debug.xcconfig"; sourceTree = "<group>"; };
		FF63437DF5B278EB05B485F0 /* Pods_JW_Player_Sample.framework */ = {isa = PBXFileReference; explicitFileType = wrapper.framework; includeInIndex = 0; path = Pods_JW_Player_Sample.framework; sourceTree = BUILT_PRODUCTS_DIR; };
/* End PBXFileReference section */

/* Begin PBXFrameworksBuildPhase section */
		A647979C2407D2C7007AC0F0 /* Frameworks */ = {
			isa = PBXFrameworksBuildPhase;
			buildActionMask = 2147483647;
			files = (
				741354C2F5CE4141DB882D97 /* Pods_JW_Player_Sample.framework in Frameworks */,
			);
			runOnlyForDeploymentPostprocessing = 0;
		};
/* End PBXFrameworksBuildPhase section */

/* Begin PBXGroup section */
		394BEA392174F0E9009FDB40 = {
			isa = PBXGroup;
			children = (
				A64797A02407D2C7007AC0F0 /* JW-Player-Sample */,
				394BEA442174F0E9009FDB40 /* Products */,
				8CC79622C2ABB224FBC2A37F /* Pods */,
				B27DA053EDA9B367B55B27BE /* Frameworks */,
			);
			sourceTree = "<group>";
		};
		394BEA442174F0E9009FDB40 /* Products */ = {
			isa = PBXGroup;
			children = (
				A647979F2407D2C7007AC0F0 /* JW-Player-Sample.app */,
			);
			name = Products;
			sourceTree = "<group>";
		};
		8CC79622C2ABB224FBC2A37F /* Pods */ = {
			isa = PBXGroup;
			children = (
				5E19042E0108188386A997CB /* Pods-JWPlayerPlugin.debug.xcconfig */,
				5785435F5CB02A255A0ED76F /* Pods-JWPlayerPlugin.release.xcconfig */,
				DE148A9E2BBDDAED29354EB8 /* Pods-JW-Player-Sample.debug.xcconfig */,
				A7908C4397286646C714D605 /* Pods-JW-Player-Sample.release.xcconfig */,
			);
			name = Pods;
			sourceTree = "<group>";
		};
		A64797A02407D2C7007AC0F0 /* JW-Player-Sample */ = {
			isa = PBXGroup;
			children = (
				A64797B52407EAAD007AC0F0 /* JW-Player-Sample.entitlements */,
				A64797B32407D8B6007AC0F0 /* Playable.swift */,
				A64797A12407D2C7007AC0F0 /* AppDelegate.swift */,
				A64797A52407D2C7007AC0F0 /* ViewController.swift */,
				A64797A72407D2C7007AC0F0 /* Main.storyboard */,
				A64797AA2407D2C8007AC0F0 /* Assets.xcassets */,
				A64797AC2407D2C8007AC0F0 /* LaunchScreen.storyboard */,
				A64797AF2407D2C8007AC0F0 /* Info.plist */,
			);
			path = "JW-Player-Sample";
			sourceTree = "<group>";
		};
		B27DA053EDA9B367B55B27BE /* Frameworks */ = {
			isa = PBXGroup;
			children = (
				3B9B89C3EC63C2F2DB5AA86D /* Pods_JWPlayerPlugin.framework */,
				FF63437DF5B278EB05B485F0 /* Pods_JW_Player_Sample.framework */,
			);
			name = Frameworks;
			sourceTree = "<group>";
		};
/* End PBXGroup section */

/* Begin PBXNativeTarget section */
		A647979E2407D2C7007AC0F0 /* JW-Player-Sample */ = {
			isa = PBXNativeTarget;
			buildConfigurationList = A64797B22407D2C8007AC0F0 /* Build configuration list for PBXNativeTarget "JW-Player-Sample" */;
			buildPhases = (
				8B1AEE7538EAABFF66DA4F16 /* [CP] Check Pods Manifest.lock */,
				A647979B2407D2C7007AC0F0 /* Sources */,
				A647979C2407D2C7007AC0F0 /* Frameworks */,
				A647979D2407D2C7007AC0F0 /* Resources */,
				29ACF38B26FA7B4EE5DBC69B /* [CP] Embed Pods Frameworks */,
				C147B682BF8B785CF8B08F9F /* [CP] Copy Pods Resources */,
			);
			buildRules = (
			);
			dependencies = (
			);
			name = "JW-Player-Sample";
			productName = "JW-Player-Sample";
			productReference = A647979F2407D2C7007AC0F0 /* JW-Player-Sample.app */;
			productType = "com.apple.product-type.application";
		};
/* End PBXNativeTarget section */

/* Begin PBXProject section */
		394BEA3A2174F0E9009FDB40 /* Project object */ = {
			isa = PBXProject;
			attributes = {
				LastSwiftUpdateCheck = 1130;
				LastUpgradeCheck = 1000;
				ORGANIZATIONNAME = Applicaster;
				TargetAttributes = {
					A647979E2407D2C7007AC0F0 = {
						CreatedOnToolsVersion = 11.3;
					};
				};
			};
			buildConfigurationList = 394BEA3D2174F0E9009FDB40 /* Build configuration list for PBXProject "JWPlayerPlugin" */;
			compatibilityVersion = "Xcode 9.3";
			developmentRegion = en;
			hasScannedForEncodings = 0;
			knownRegions = (
				en,
				Base,
			);
			mainGroup = 394BEA392174F0E9009FDB40;
			productRefGroup = 394BEA442174F0E9009FDB40 /* Products */;
			projectDirPath = "";
			projectRoot = "";
			targets = (
				A647979E2407D2C7007AC0F0 /* JW-Player-Sample */,
			);
		};
/* End PBXProject section */

/* Begin PBXResourcesBuildPhase section */
		A647979D2407D2C7007AC0F0 /* Resources */ = {
			isa = PBXResourcesBuildPhase;
			buildActionMask = 2147483647;
			files = (
				A64797AE2407D2C8007AC0F0 /* LaunchScreen.storyboard in Resources */,
				A64797AB2407D2C8007AC0F0 /* Assets.xcassets in Resources */,
				A64797A92407D2C7007AC0F0 /* Main.storyboard in Resources */,
			);
			runOnlyForDeploymentPostprocessing = 0;
		};
/* End PBXResourcesBuildPhase section */

/* Begin PBXShellScriptBuildPhase section */
		29ACF38B26FA7B4EE5DBC69B /* [CP] Embed Pods Frameworks */ = {
			isa = PBXShellScriptBuildPhase;
			buildActionMask = 2147483647;
			files = (
			);
			inputFileListPaths = (
				"${PODS_ROOT}/Target Support Files/Pods-JW-Player-Sample/Pods-JW-Player-Sample-frameworks-${CONFIGURATION}-input-files.xcfilelist",
			);
			name = "[CP] Embed Pods Frameworks";
			outputFileListPaths = (
				"${PODS_ROOT}/Target Support Files/Pods-JW-Player-Sample/Pods-JW-Player-Sample-frameworks-${CONFIGURATION}-output-files.xcfilelist",
			);
			runOnlyForDeploymentPostprocessing = 0;
			shellPath = /bin/sh;
			shellScript = "\"${PODS_ROOT}/Target Support Files/Pods-JW-Player-Sample/Pods-JW-Player-Sample-frameworks.sh\"\n";
			showEnvVarsInLog = 0;
		};
		8B1AEE7538EAABFF66DA4F16 /* [CP] Check Pods Manifest.lock */ = {
			isa = PBXShellScriptBuildPhase;
			buildActionMask = 2147483647;
			files = (
			);
			inputFileListPaths = (
			);
			inputPaths = (
				"${PODS_PODFILE_DIR_PATH}/Podfile.lock",
				"${PODS_ROOT}/Manifest.lock",
			);
			name = "[CP] Check Pods Manifest.lock";
			outputFileListPaths = (
			);
			outputPaths = (
				"$(DERIVED_FILE_DIR)/Pods-JW-Player-Sample-checkManifestLockResult.txt",
			);
			runOnlyForDeploymentPostprocessing = 0;
			shellPath = /bin/sh;
			shellScript = "diff \"${PODS_PODFILE_DIR_PATH}/Podfile.lock\" \"${PODS_ROOT}/Manifest.lock\" > /dev/null\nif [ $? != 0 ] ; then\n    # print error to STDERR\n    echo \"error: The sandbox is not in sync with the Podfile.lock. Run 'pod install' or update your CocoaPods installation.\" >&2\n    exit 1\nfi\n# This output is used by Xcode 'outputs' to avoid re-running this script phase.\necho \"SUCCESS\" > \"${SCRIPT_OUTPUT_FILE_0}\"\n";
			showEnvVarsInLog = 0;
		};
		C147B682BF8B785CF8B08F9F /* [CP] Copy Pods Resources */ = {
			isa = PBXShellScriptBuildPhase;
			buildActionMask = 2147483647;
			files = (
			);
			inputFileListPaths = (
				"${PODS_ROOT}/Target Support Files/Pods-JW-Player-Sample/Pods-JW-Player-Sample-resources-${CONFIGURATION}-input-files.xcfilelist",
			);
			name = "[CP] Copy Pods Resources";
			outputFileListPaths = (
				"${PODS_ROOT}/Target Support Files/Pods-JW-Player-Sample/Pods-JW-Player-Sample-resources-${CONFIGURATION}-output-files.xcfilelist",
			);
			runOnlyForDeploymentPostprocessing = 0;
			shellPath = /bin/sh;
			shellScript = "\"${PODS_ROOT}/Target Support Files/Pods-JW-Player-Sample/Pods-JW-Player-Sample-resources.sh\"\n";
			showEnvVarsInLog = 0;
		};
/* End PBXShellScriptBuildPhase section */

/* Begin PBXSourcesBuildPhase section */
		A647979B2407D2C7007AC0F0 /* Sources */ = {
			isa = PBXSourcesBuildPhase;
			buildActionMask = 2147483647;
			files = (
				A64797A62407D2C7007AC0F0 /* ViewController.swift in Sources */,
				A64797A22407D2C7007AC0F0 /* AppDelegate.swift in Sources */,
				A64797B42407D8B6007AC0F0 /* Playable.swift in Sources */,
			);
			runOnlyForDeploymentPostprocessing = 0;
		};
/* End PBXSourcesBuildPhase section */

/* Begin PBXVariantGroup section */
		A64797A72407D2C7007AC0F0 /* Main.storyboard */ = {
			isa = PBXVariantGroup;
			children = (
				A64797A82407D2C7007AC0F0 /* Base */,
			);
			name = Main.storyboard;
			sourceTree = "<group>";
		};
		A64797AC2407D2C8007AC0F0 /* LaunchScreen.storyboard */ = {
			isa = PBXVariantGroup;
			children = (
				A64797AD2407D2C8007AC0F0 /* Base */,
			);
			name = LaunchScreen.storyboard;
			sourceTree = "<group>";
		};
/* End PBXVariantGroup section */

/* Begin XCBuildConfiguration section */
		394BEA492174F0E9009FDB40 /* Debug */ = {
			isa = XCBuildConfiguration;
			buildSettings = {
				ALWAYS_SEARCH_USER_PATHS = NO;
				CLANG_ANALYZER_NONNULL = YES;
				CLANG_ANALYZER_NUMBER_OBJECT_CONVERSION = YES_AGGRESSIVE;
				CLANG_CXX_LANGUAGE_STANDARD = "gnu++14";
				CLANG_CXX_LIBRARY = "libc++";
				CLANG_ENABLE_MODULES = YES;
				CLANG_ENABLE_OBJC_ARC = YES;
				CLANG_ENABLE_OBJC_WEAK = YES;
				CLANG_WARN_BLOCK_CAPTURE_AUTORELEASING = YES;
				CLANG_WARN_BOOL_CONVERSION = YES;
				CLANG_WARN_COMMA = YES;
				CLANG_WARN_CONSTANT_CONVERSION = YES;
				CLANG_WARN_DEPRECATED_OBJC_IMPLEMENTATIONS = YES;
				CLANG_WARN_DIRECT_OBJC_ISA_USAGE = YES_ERROR;
				CLANG_WARN_DOCUMENTATION_COMMENTS = YES;
				CLANG_WARN_EMPTY_BODY = YES;
				CLANG_WARN_ENUM_CONVERSION = YES;
				CLANG_WARN_INFINITE_RECURSION = YES;
				CLANG_WARN_INT_CONVERSION = YES;
				CLANG_WARN_NON_LITERAL_NULL_CONVERSION = YES;
				CLANG_WARN_OBJC_IMPLICIT_RETAIN_SELF = YES;
				CLANG_WARN_OBJC_LITERAL_CONVERSION = YES;
				CLANG_WARN_OBJC_ROOT_CLASS = YES_ERROR;
				CLANG_WARN_RANGE_LOOP_ANALYSIS = YES;
				CLANG_WARN_STRICT_PROTOTYPES = YES;
				CLANG_WARN_SUSPICIOUS_MOVE = YES;
				CLANG_WARN_UNGUARDED_AVAILABILITY = YES_AGGRESSIVE;
				CLANG_WARN_UNREACHABLE_CODE = YES;
				CLANG_WARN__DUPLICATE_METHOD_MATCH = YES;
				CODE_SIGN_IDENTITY = "iPhone Developer";
				COPY_PHASE_STRIP = NO;
				CURRENT_PROJECT_VERSION = 1;
				DEBUG_INFORMATION_FORMAT = dwarf;
				ENABLE_STRICT_OBJC_MSGSEND = YES;
				ENABLE_TESTABILITY = YES;
				GCC_C_LANGUAGE_STANDARD = gnu11;
				GCC_DYNAMIC_NO_PIC = NO;
				GCC_NO_COMMON_BLOCKS = YES;
				GCC_OPTIMIZATION_LEVEL = 0;
				GCC_PREPROCESSOR_DEFINITIONS = (
					"DEBUG=1",
					"$(inherited)",
				);
				GCC_WARN_64_TO_32_BIT_CONVERSION = YES;
				GCC_WARN_ABOUT_RETURN_TYPE = YES_ERROR;
				GCC_WARN_UNDECLARED_SELECTOR = YES;
				GCC_WARN_UNINITIALIZED_AUTOS = YES_AGGRESSIVE;
				GCC_WARN_UNUSED_FUNCTION = YES;
				GCC_WARN_UNUSED_VARIABLE = YES;
				IPHONEOS_DEPLOYMENT_TARGET = 10.0;
				MTL_ENABLE_DEBUG_INFO = INCLUDE_SOURCE;
				MTL_FAST_MATH = YES;
				ONLY_ACTIVE_ARCH = YES;
				SDKROOT = iphoneos;
				VERSIONING_SYSTEM = "apple-generic";
				VERSION_INFO_PREFIX = "";
			};
			name = Debug;
		};
		394BEA4A2174F0E9009FDB40 /* Release */ = {
			isa = XCBuildConfiguration;
			buildSettings = {
				ALWAYS_SEARCH_USER_PATHS = NO;
				CLANG_ANALYZER_NONNULL = YES;
				CLANG_ANALYZER_NUMBER_OBJECT_CONVERSION = YES_AGGRESSIVE;
				CLANG_CXX_LANGUAGE_STANDARD = "gnu++14";
				CLANG_CXX_LIBRARY = "libc++";
				CLANG_ENABLE_MODULES = YES;
				CLANG_ENABLE_OBJC_ARC = YES;
				CLANG_ENABLE_OBJC_WEAK = YES;
				CLANG_WARN_BLOCK_CAPTURE_AUTORELEASING = YES;
				CLANG_WARN_BOOL_CONVERSION = YES;
				CLANG_WARN_COMMA = YES;
				CLANG_WARN_CONSTANT_CONVERSION = YES;
				CLANG_WARN_DEPRECATED_OBJC_IMPLEMENTATIONS = YES;
				CLANG_WARN_DIRECT_OBJC_ISA_USAGE = YES_ERROR;
				CLANG_WARN_DOCUMENTATION_COMMENTS = YES;
				CLANG_WARN_EMPTY_BODY = YES;
				CLANG_WARN_ENUM_CONVERSION = YES;
				CLANG_WARN_INFINITE_RECURSION = YES;
				CLANG_WARN_INT_CONVERSION = YES;
				CLANG_WARN_NON_LITERAL_NULL_CONVERSION = YES;
				CLANG_WARN_OBJC_IMPLICIT_RETAIN_SELF = YES;
				CLANG_WARN_OBJC_LITERAL_CONVERSION = YES;
				CLANG_WARN_OBJC_ROOT_CLASS = YES_ERROR;
				CLANG_WARN_RANGE_LOOP_ANALYSIS = YES;
				CLANG_WARN_STRICT_PROTOTYPES = YES;
				CLANG_WARN_SUSPICIOUS_MOVE = YES;
				CLANG_WARN_UNGUARDED_AVAILABILITY = YES_AGGRESSIVE;
				CLANG_WARN_UNREACHABLE_CODE = YES;
				CLANG_WARN__DUPLICATE_METHOD_MATCH = YES;
				CODE_SIGN_IDENTITY = "iPhone Developer";
				COPY_PHASE_STRIP = NO;
				CURRENT_PROJECT_VERSION = 1;
				DEBUG_INFORMATION_FORMAT = "dwarf-with-dsym";
				ENABLE_NS_ASSERTIONS = NO;
				ENABLE_STRICT_OBJC_MSGSEND = YES;
				GCC_C_LANGUAGE_STANDARD = gnu11;
				GCC_NO_COMMON_BLOCKS = YES;
				GCC_WARN_64_TO_32_BIT_CONVERSION = YES;
				GCC_WARN_ABOUT_RETURN_TYPE = YES_ERROR;
				GCC_WARN_UNDECLARED_SELECTOR = YES;
				GCC_WARN_UNINITIALIZED_AUTOS = YES_AGGRESSIVE;
				GCC_WARN_UNUSED_FUNCTION = YES;
				GCC_WARN_UNUSED_VARIABLE = YES;
				IPHONEOS_DEPLOYMENT_TARGET = 10.0;
				MTL_ENABLE_DEBUG_INFO = NO;
				MTL_FAST_MATH = YES;
				SDKROOT = iphoneos;
				VALIDATE_PRODUCT = YES;
				VERSIONING_SYSTEM = "apple-generic";
				VERSION_INFO_PREFIX = "";
			};
			name = Release;
		};
		A64797B02407D2C8007AC0F0 /* Debug */ = {
			isa = XCBuildConfiguration;
			baseConfigurationReference = DE148A9E2BBDDAED29354EB8 /* Pods-JW-Player-Sample.debug.xcconfig */;
			buildSettings = {
				ASSETCATALOG_COMPILER_APPICON_NAME = AppIcon;
				CODE_SIGN_ENTITLEMENTS = "JW-Player-Sample/JW-Player-Sample.entitlements";
				CODE_SIGN_STYLE = Manual;
				DEVELOPMENT_TEAM = REC5WH92M6;
				INFOPLIST_FILE = "JW-Player-Sample/Info.plist";
				IPHONEOS_DEPLOYMENT_TARGET = 12.0;
				LD_RUNPATH_SEARCH_PATHS = (
					"$(inherited)",
					"@executable_path/Frameworks",
				);
				PRODUCT_BUNDLE_IDENTIFIER = com.scand.inappsample;
				PRODUCT_NAME = "$(TARGET_NAME)";
				PROVISIONING_PROFILE_SPECIFIER = "Dev In App Sample";
				SWIFT_ACTIVE_COMPILATION_CONDITIONS = DEBUG;
				SWIFT_OPTIMIZATION_LEVEL = "-Onone";
				SWIFT_VERSION = 5.0;
				TARGETED_DEVICE_FAMILY = "1,2";
			};
			name = Debug;
		};
		A64797B12407D2C8007AC0F0 /* Release */ = {
			isa = XCBuildConfiguration;
			baseConfigurationReference = A7908C4397286646C714D605 /* Pods-JW-Player-Sample.release.xcconfig */;
			buildSettings = {
				ASSETCATALOG_COMPILER_APPICON_NAME = AppIcon;
				CODE_SIGN_ENTITLEMENTS = "JW-Player-Sample/JW-Player-Sample.entitlements";
				CODE_SIGN_STYLE = Manual;
				DEVELOPMENT_TEAM = REC5WH92M6;
				INFOPLIST_FILE = "JW-Player-Sample/Info.plist";
				IPHONEOS_DEPLOYMENT_TARGET = 12.0;
				LD_RUNPATH_SEARCH_PATHS = (
					"$(inherited)",
					"@executable_path/Frameworks",
				);
				PRODUCT_BUNDLE_IDENTIFIER = com.scand.inappsample;
				PRODUCT_NAME = "$(TARGET_NAME)";
				PROVISIONING_PROFILE_SPECIFIER = "Dev In App Sample";
				SWIFT_COMPILATION_MODE = wholemodule;
				SWIFT_OPTIMIZATION_LEVEL = "-O";
				SWIFT_VERSION = 5.0;
				TARGETED_DEVICE_FAMILY = "1,2";
			};
			name = Release;
		};
/* End XCBuildConfiguration section */

/* Begin XCConfigurationList section */
		394BEA3D2174F0E9009FDB40 /* Build configuration list for PBXProject "JWPlayerPlugin" */ = {
			isa = XCConfigurationList;
			buildConfigurations = (
				394BEA492174F0E9009FDB40 /* Debug */,
				394BEA4A2174F0E9009FDB40 /* Release */,
			);
			defaultConfigurationIsVisible = 0;
			defaultConfigurationName = Release;
		};
		A64797B22407D2C8007AC0F0 /* Build configuration list for PBXNativeTarget "JW-Player-Sample" */ = {
			isa = XCConfigurationList;
			buildConfigurations = (
				A64797B02407D2C8007AC0F0 /* Debug */,
				A64797B12407D2C8007AC0F0 /* Release */,
			);
			defaultConfigurationIsVisible = 0;
			defaultConfigurationName = Release;
		};
/* End XCConfigurationList section */
	};
	rootObject = 394BEA3A2174F0E9009FDB40 /* Project object */;
}
