PODS:
  - Alamofire (4.9.1)
  - ApplicasterSDK (12.0.4):
    - Alamofire (= 4.9.1)
    - CocoaLumberjack/Swift (= 3.5.3)
    - FBSDKCoreKit (= 5.2.3)
    - FBSDKLoginKit (= 5.2.3)
    - FBSDKShareKit (= 5.2.3)
    - SSZipArchive (= 2.1.0)
    - TTTAttributedLabel (= 2.1.0)
    - TwitterKit (= 3.4.2)
    - ZappPlugins (~> 11.1.0)
  - CocoaLumberjack/Core (3.5.3)
  - CocoaLumberjack/Swift (3.5.3):
    - CocoaLumberjack/Core
  - FBSDKCoreKit (5.2.3):
    - FBSDKCoreKit/Basics (= 5.2.3)
    - FBSDKCoreKit/Core (= 5.2.3)
  - FBSDKCoreKit/Basics (5.2.3)
  - FBSDKCoreKit/Core (5.2.3):
    - FBSDKCoreKit/Basics
  - FBSDKLoginKit (5.2.3):
    - FBSDKCoreKit (~> 5.0)
  - FBSDKShareKit (5.2.3):
    - FBSDKCoreKit (~> 5.0)
  - GoogleAds-IMA-iOS-SDK (3.9.2)
  - JWPlayer-SDK (3.8.1)
  - JWPlayerPlugin (3.2.6):
    - ApplicasterSDK
    - GoogleAds-IMA-iOS-SDK (= 3.9.2)
    - JWPlayer-SDK (~> 3.0)
    - ZappPlugins
  - SSZipArchive (2.1.0)
  - TTTAttributedLabel (2.1.0)
  - TwitterCore (3.2.0)
  - TwitterKit (3.4.2):
    - TwitterCore (>= 3.2.0)
  - ZappCore (0.1.5)
  - ZappLoginPluginsSDK (10.0.0):
    - Alamofire
    - ZappPlugins
  - ZappPlugins (11.1.5):
    - ZappCore

DEPENDENCIES:
  - ApplicasterSDK
  - JWPlayer-SDK
  - JWPlayerPlugin (from `JWPlayerPlugin.podspec`)
  - ZappCore

SPEC REPOS:
  "git@github.com:applicaster/CocoaPods-Private.git":
    - ZappLoginPluginsSDK
  "git@github.com:applicaster/CocoaPods.git":
    - ApplicasterSDK
    - TTTAttributedLabel
    - ZappCore
    - ZappPlugins
  https://cdn.cocoapods.org/:
    - Alamofire
    - CocoaLumberjack
    - FBSDKCoreKit
    - FBSDKLoginKit
    - FBSDKShareKit
    - GoogleAds-IMA-iOS-SDK
    - JWPlayer-SDK
    - SSZipArchive
    - TwitterCore
    - TwitterKit

EXTERNAL SOURCES:
  JWPlayerPlugin:
    :path: JWPlayerPlugin.podspec

SPEC CHECKSUMS:
  Alamofire: 85e8a02c69d6020a0d734f6054870d7ecb75cf18
  ApplicasterSDK: c1e1a437c3af1442ce53bfbeac4f67a3fc2ff729
  CocoaLumberjack: 2f44e60eb91c176d471fdba43b9e3eae6a721947
  FBSDKCoreKit: 5154c35d9058fd7dfa0445ba19e194c4b172fc32
  FBSDKLoginKit: dc98b6bf12334f1a42f28d0457fffc9aa3d1eca5
  FBSDKShareKit: 6f9c622f9a5d051f43f2dab6f753d5198422b89c
  GoogleAds-IMA-iOS-SDK: 005e7670c266ee28ad72d730309f396ad7f440a0
  JWPlayer-SDK: 49200b800cd16b0696a881800d3407efbb729eb1
  JWPlayerPlugin: 7701104566fba3140f5e5facfd997566964518b0
  SSZipArchive: 1e8e53dcb11bca3ded4738958dc49fc467320a14
  TTTAttributedLabel: f8c7f1dbc7b8f7168e23e8b4764dda2e3b74aae8
  TwitterCore: 8cbc9ad34d91c63a0035ea05bfbfc0d7ca72a28c
  TwitterKit: 5e4f41d70b9abdb41df5467f52d7aa2c0fd26ebb
  ZappCore: 25908b99a27d3daace5d5b134ff1f911c4ed1782
  ZappLoginPluginsSDK: c3878278931d1b3da58cf7d8afafd6aed2a9c66d
  ZappPlugins: 917408f60bb19205bd0fad40e0d7efa3f78925f6

PODFILE CHECKSUM: 6d7029bbf96057a5a36dde3b3d294ef706167614

COCOAPODS: 1.7.5
